{
  "name": "podosys",
  "version": "1.0.0",
  "lockfileVersion": 1,
  "requires": true,
  "dependencies": {
    "dom7": {
      "version": "2.0.5",
      "resolved": "https://registry.npmjs.org/dom7/-/dom7-2.0.5.tgz",
      "integrity": "sha512-RP7TaZlOpr4hLRtZJzulVsiAiZbAn3Jxh7tSXlKchhByyRK11lRpJH5iID0G/WElUWTZfUI7JANLAeXM/e+t9g==",
      "requires": {
        "ssr-window": "1.0.0"
      }
    },
    "ssr-window": {
      "version": "1.0.0",
      "resolved": "https://registry.npmjs.org/ssr-window/-/ssr-window-1.0.0.tgz",
      "integrity": "sha512-WHFyFLegz/NOgwdlFTw93Wd4c/gQ5hkv6amtdK/K0atfZvr28vwfEV7MR3NtWek+gnpiSd/tKXHQVfQRtA6OJg=="
    }
  }
}
